// !$*UTF8*$!
{
	archiveVersion = 1;
	classes = {
	};
	objectVersion = 50;
	objects = {

/* Begin PBXBuildFile section */
		37AFD6D5247C3C2A007DF98F /* AppDelegate.swift in Sources */ = {isa = PBXBuildFile; fileRef = 37AFD6D4247C3C2A007DF98F /* AppDelegate.swift */; };
		37AFD6D7247C3C2A007DF98F /* SceneDelegate.swift in Sources */ = {isa = PBXBuildFile; fileRef = 37AFD6D6247C3C2A007DF98F /* SceneDelegate.swift */; };
		37AFD6D9247C3C2A007DF98F /* ContentView.swift in Sources */ = {isa = PBXBuildFile; fileRef = 37AFD6D8247C3C2A007DF98F /* ContentView.swift */; };
		37AFD6DB247C3C31007DF98F /* Assets.xcassets in Resources */ = {isa = PBXBuildFile; fileRef = 37AFD6DA247C3C30007DF98F /* Assets.xcassets */; };
		37AFD6DE247C3C31007DF98F /* Preview Assets.xcassets in Resources */ = {isa = PBXBuildFile; fileRef = 37AFD6DD247C3C31007DF98F /* Preview Assets.xcassets */; };
		37AFD6E1247C3C31007DF98F /* LaunchScreen.storyboard in Resources */ = {isa = PBXBuildFile; fileRef = 37AFD6DF247C3C31007DF98F /* LaunchScreen.storyboard */; };
		37AFD6E9247C3C5F007DF98F /* HomeView.swift in Sources */ = {isa = PBXBuildFile; fileRef = 37AFD6E8247C3C5F007DF98F /* HomeView.swift */; };
		37AFD6EB247C3CD2007DF98F /* ProfileView.swift in Sources */ = {isa = PBXBuildFile; fileRef = 37AFD6EA247C3CD2007DF98F /* ProfileView.swift */; };
/* End PBXBuildFile section */

/* Begin PBXFileReference section */
		37AFD6D1247C3C2A007DF98F /* TabMenu.app */ = {isa = PBXFileReference; explicitFileType = wrapper.application; includeInIndex = 0; path = TabMenu.app; sourceTree = BUILT_PRODUCTS_DIR; };
		37AFD6D4247C3C2A007DF98F /* AppDelegate.swift */ = {isa = PBXFileReference; lastKnownFileType = sourcecode.swift; path = AppDelegate.swift; sourceTree = "<group>"; };
		37AFD6D6247C3C2A007DF98F /* SceneDelegate.swift */ = {isa = PBXFileReference; lastKnownFileType = sourcecode.swift; path = SceneDelegate.swift; sourceTree = "<group>"; };
		37AFD6D8247C3C2A007DF98F /* ContentView.swift */ = {isa = PBXFileReference; lastKnownFileType = sourcecode.swift; path = ContentView.swift; sourceTree = "<group>"; };
		37AFD6DA247C3C30007DF98F /* Assets.xcassets */ = {isa = PBXFileReference; lastKnownFileType = folder.assetcatalog; path = Assets.xcassets; sourceTree = "<group>"; };
		37AFD6DD247C3C31007DF98F /* Preview Assets.xcassets */ = {isa = PBXFileReference; lastKnownFileType = folder.assetcatalog; path = "Preview Assets.xcassets"; sourceTree = "<group>"; };
		37AFD6E0247C3C31007DF98F /* Base */ = {isa = PBXFileReference; lastKnownFileType = file.storyboard; name = Base; path = Base.lproj/LaunchScreen.storyboard; sourceTree = "<group>"; };
		37AFD6E2247C3C31007DF98F /* Info.plist */ = {isa = PBXFileReference; lastKnownFileType = text.plist.xml; path = Info.plist; sourceTree = "<group>"; };
		37AFD6E8247C3C5F007DF98F /* HomeView.swift */ = {isa = PBXFileReference; lastKnownFileType = sourcecode.swift; path = HomeView.swift; sourceTree = "<group>"; };
		37AFD6EA247C3CD2007DF98F /* ProfileView.swift */ = {isa = PBXFileReference; lastKnownFileType = sourcecode.swift; path = ProfileView.swift; sourceTree = "<group>"; };
/* End PBXFileReference section */

/* Begin PBXFrameworksBuildPhase section */
		37AFD6CE247C3C2A007DF98F /* Frameworks */ = {
			isa = PBXFrameworksBuildPhase;
			buildActionMask = 2147483647;
			files = (
			);
			runOnlyForDeploymentPostprocessing = 0;
		};
/* End PBXFrameworksBuildPhase section */

/* Begin PBXGroup section */
		37AFD6C8247C3C29007DF98F = {
			isa = PBXGroup;
			children = (
				37AFD6D3247C3C2A007DF98F /* TabMenu */,
				37AFD6D2247C3C2A007DF98F /* Products */,
			);
			sourceTree = "<group>";
		};
		37AFD6D2247C3C2A007DF98F /* Products */ = {
			isa = PBXGroup;
			children = (
				37AFD6D1247C3C2A007DF98F /* TabMenu.app */,
			);
			name = Products;
			sourceTree = "<group>";
		};
		37AFD6D3247C3C2A007DF98F /* TabMenu */ = {
			isa = PBXGroup;
			children = (
				37AFD6D4247C3C2A007DF98F /* AppDelegate.swift */,
				37AFD6D6247C3C2A007DF98F /* SceneDelegate.swift */,
				37AFD6D8247C3C2A007DF98F /* ContentView.swift */,
				37AFD6DA247C3C30007DF98F /* Assets.xcassets */,
				37AFD6DF247C3C31007DF98F /* LaunchScreen.storyboard */,
				37AFD6E2247C3C31007DF98F /* Info.plist */,
				37AFD6DC247C3C31007DF98F /* Preview Content */,
				37AFD6E8247C3C5F007DF98F /* HomeView.swift */,
				37AFD6EA247C3CD2007DF98F /* ProfileView.swift */,
			);
			path = TabMenu;
			sourceTree = "<group>";
		};
		37AFD6DC247C3C31007DF98F /* Preview Content */ = {
			isa = PBXGroup;
			children = (
				37AFD6DD247C3C31007DF98F /* Preview Assets.xcassets */,
			);
			path = "Preview Content";
			sourceTree = "<group>";
		};
/* End PBXGroup section */

/* Begin PBXNativeTarget section */
		37AFD6D0247C3C2A007DF98F /* TabMenu */ = {
			isa = PBXNativeTarget;
			buildConfigurationList = 37AFD6E5247C3C31007DF98F /* Build configuration list for PBXNativeTarget "TabMenu" */;
			buildPhases = (
				37AFD6CD247C3C2A007DF98F /* Sources */,
				37AFD6CE247C3C2A007DF98F /* Frameworks */,
				37AFD6CF247C3C2A007DF98F /* Resources */,
			);
			buildRules = (
			);
			dependencies = (
			);
			name = TabMenu;
			productName = TabMenu;
			productReference = 37AFD6D1247C3C2A007DF98F /* TabMenu.app */;
			productType = "com.apple.product-type.application";
		};
/* End PBXNativeTarget section */

/* Begin PBXProject section */
		37AFD6C9247C3C29007DF98F /* Project object */ = {
			isa = PBXProject;
			attributes = {
				LastSwiftUpdateCheck = 1140;
				LastUpgradeCheck = 1140;
				ORGANIZATIONNAME = Kelana;
				TargetAttributes = {
					37AFD6D0247C3C2A007DF98F = {
						CreatedOnToolsVersion = 11.4;
					};
				};
			};
			buildConfigurationList = 37AFD6CC247C3C29007DF98F /* Build configuration list for PBXProject "TabMenu" */;
			compatibilityVersion = "Xcode 9.3";
			developmentRegion = en;
			hasScannedForEncodings = 0;
			knownRegions = (
				en,
				Base,
			);
			mainGroup = 37AFD6C8247C3C29007DF98F;
			productRefGroup = 37AFD6D2247C3C2A007DF98F /* Products */;
			projectDirPath = "";
			projectRoot = "";
			targets = (
				37AFD6D0247C3C2A007DF98F /* TabMenu */,
			);
		};
/* End PBXProject section */

/* Begin PBXResourcesBuildPhase section */
		37AFD6CF247C3C2A007DF98F /* Resources */ = {
			isa = PBXResourcesBuildPhase;
			buildActionMask = 2147483647;
			files = (
				37AFD6E1247C3C31007DF98F /* LaunchScreen.storyboard in Resources */,
				37AFD6DE247C3C31007DF98F /* Preview Assets.xcassets in Resources */,
				37AFD6DB247C3C31007DF98F /* Assets.xcassets in Resources */,
			);
			runOnlyForDeploymentPostprocessing = 0;
		};
/* End PBXResourcesBuildPhase section */

/* Begin PBXSourcesBuildPhase section */
		37AFD6CD247C3C2A007DF98F /* Sources */ = {
			isa = PBXSourcesBuildPhase;
			buildActionMask = 2147483647;
			files = (
				37AFD6D5247C3C2A007DF98F /* AppDelegate.swift in Sources */,
				37AFD6E9247C3C5F007DF98F /* HomeView.swift in Sources */,
				37AFD6EB247C3CD2007DF98F /* ProfileView.swift in Sources */,
				37AFD6D7247C3C2A007DF98F /* SceneDelegate.swift in Sources */,
				37AFD6D9247C3C2A007DF98F /* ContentView.swift in Sources */,
			);
			runOnlyForDeploymentPostprocessing = 0;
		};
/* End PBXSourcesBuildPhase section */

/* Begin PBXVariantGroup section */
		37AFD6DF247C3C31007DF98F /* LaunchScreen.storyboard */ = {
			isa = PBXVariantGroup;
			children = (
				37AFD6E0247C3C31007DF98F /* Base */,
			);
			name = LaunchScreen.storyboard;
			sourceTree = "<group>";
		};
/* End PBXVariantGroup section */

/* Begin XCBuildConfiguration section */
		37AFD6E3247C3C31007DF98F /* Debug */ = {
			isa = XCBuildConfiguration;
			buildSettings = {
				ALWAYS_SEARCH_USER_PATHS = NO;
				CLANG_ANALYZER_NONNULL = YES;
				CLANG_ANALYZER_NUMBER_OBJECT_CONVERSION = YES_AGGRESSIVE;
				CLANG_CXX_LANGUAGE_STANDARD = "gnu++14";
				CLANG_CXX_LIBRARY = "libc++";
				CLANG_ENABLE_MODULES = YES;
				CLANG_ENABLE_OBJC_ARC = YES;
				CLANG_ENABLE_OBJC_WEAK = YES;
				CLANG_WARN_BLOCK_CAPTURE_AUTORELEASING = YES;
				CLANG_WARN_BOOL_CONVERSION = YES;
				CLANG_WARN_COMMA = YES;
				CLANG_WARN_CONSTANT_CONVERSION = YES;
				CLANG_WARN_DEPRECATED_OBJC_IMPLEMENTATIONS = YES;
				CLANG_WARN_DIRECT_OBJC_ISA_USAGE = YES_ERROR;
				CLANG_WARN_DOCUMENTATION_COMMENTS = YES;
				CLANG_WARN_EMPTY_BODY = YES;
				CLANG_WARN_ENUM_CONVERSION = YES;
				CLANG_WARN_INFINITE_RECURSION = YES;
				CLANG_WARN_INT_CONVERSION = YES;
				CLANG_WARN_NON_LITERAL_NULL_CONVERSION = YES;
				CLANG_WARN_OBJC_IMPLICIT_RETAIN_SELF = YES;
				CLANG_WARN_OBJC_LITERAL_CONVERSION = YES;
				CLANG_WARN_OBJC_ROOT_CLASS = YES_ERROR;
				CLANG_WARN_RANGE_LOOP_ANALYSIS = YES;
				CLANG_WARN_STRICT_PROTOTYPES = YES;
				CLANG_WARN_SUSPICIOUS_MOVE = YES;
				CLANG_WARN_UNGUARDED_AVAILABILITY = YES_AGGRESSIVE;
				CLANG_WARN_UNREACHABLE_CODE = YES;
				CLANG_WARN__DUPLICATE_METHOD_MATCH = YES;
				COPY_PHASE_STRIP = NO;
				DEBUG_INFORMATION_FORMAT = dwarf;
				ENABLE_STRICT_OBJC_MSGSEND = YES;
				ENABLE_TESTABILITY = YES;
				GCC_C_LANGUAGE_STANDARD = gnu11;
				GCC_DYNAMIC_NO_PIC = NO;
				GCC_NO_COMMON_BLOCKS = YES;
				GCC_OPTIMIZATION_LEVEL = 0;
				GCC_PREPROCESSOR_DEFINITIONS = (
					"DEBUG=1",
					"$(inherited)",
				);
				GCC_WARN_64_TO_32_BIT_CONVERSION = YES;
				GCC_WARN_ABOUT_RETURN_TYPE = YES_ERROR;
				GCC_WARN_UNDECLARED_SELECTOR = YES;
				GCC_WARN_UNINITIALIZED_AUTOS = YES_AGGRESSIVE;
				GCC_WARN_UNUSED_FUNCTION = YES;
				GCC_WARN_UNUSED_VARIABLE = YES;
				IPHONEOS_DEPLOYMENT_TARGET = 13.4;
				MTL_ENABLE_DEBUG_INFO = INCLUDE_SOURCE;
				MTL_FAST_MATH = YES;
				ONLY_ACTIVE_ARCH = YES;
				SDKROOT = iphoneos;
				SWIFT_ACTIVE_COMPILATION_CONDITIONS = DEBUG;
				SWIFT_OPTIMIZATION_LEVEL = "-Onone";
			};
			name = Debug;
		};
		37AFD6E4247C3C31007DF98F /* Release */ = {
			isa = XCBuildConfiguration;
			buildSettings = {
				ALWAYS_SEARCH_USER_PATHS = NO;
				CLANG_ANALYZER_NONNULL = YES;
				CLANG_ANALYZER_NUMBER_OBJECT_CONVERSION = YES_AGGRESSIVE;
				CLANG_CXX_LANGUAGE_STANDARD = "gnu++14";
				CLANG_CXX_LIBRARY = "libc++";
				CLANG_ENABLE_MODULES = YES;
				CLANG_ENABLE_OBJC_ARC = YES;
				CLANG_ENABLE_OBJC_WEAK = YES;
				CLANG_WARN_BLOCK_CAPTURE_AUTORELEASING = YES;
				CLANG_WARN_BOOL_CONVERSION = YES;
				CLANG_WARN_COMMA = YES;
				CLANG_WARN_CONSTANT_CONVERSION = YES;
				CLANG_WARN_DEPRECATED_OBJC_IMPLEMENTATIONS = YES;
				CLANG_WARN_DIRECT_OBJC_ISA_USAGE = YES_ERROR;
				CLANG_WARN_DOCUMENTATION_COMMENTS = YES;
				CLANG_WARN_EMPTY_BODY = YES;
				CLANG_WARN_ENUM_CONVERSION = YES;
				CLANG_WARN_INFINITE_RECURSION = YES;
				CLANG_WARN_INT_CONVERSION = YES;
				CLANG_WARN_NON_LITERAL_NULL_CONVERSION = YES;
				CLANG_WARN_OBJC_IMPLICIT_RETAIN_SELF = YES;
				CLANG_WARN_OBJC_LITERAL_CONVERSION = YES;
				CLANG_WARN_OBJC_ROOT_CLASS = YES_ERROR;
				CLANG_WARN_RANGE_LOOP_ANALYSIS = YES;
				CLANG_WARN_STRICT_PROTOTYPES = YES;
				CLANG_WARN_SUSPICIOUS_MOVE = YES;
				CLANG_WARN_UNGUARDED_AVAILABILITY = YES_AGGRESSIVE;
				CLANG_WARN_UNREACHABLE_CODE = YES;
				CLANG_WARN__DUPLICATE_METHOD_MATCH = YES;
				COPY_PHASE_STRIP = NO;
				DEBUG_INFORMATION_FORMAT = "dwarf-with-dsym";
				ENABLE_NS_ASSERTIONS = NO;
				ENABLE_STRICT_OBJC_MSGSEND = YES;
				GCC_C_LANGUAGE_STANDARD = gnu11;
				GCC_NO_COMMON_BLOCKS = YES;
				GCC_WARN_64_TO_32_BIT_CONVERSION = YES;
				GCC_WARN_ABOUT_RETURN_TYPE = YES_ERROR;
				GCC_WARN_UNDECLARED_SELECTOR = YES;
				GCC_WARN_UNINITIALIZED_AUTOS = YES_AGGRESSIVE;
				GCC_WARN_UNUSED_FUNCTION = YES;
				GCC_WARN_UNUSED_VARIABLE = YES;
				IPHONEOS_DEPLOYMENT_TARGET = 13.4;
				MTL_ENABLE_DEBUG_INFO = NO;
				MTL_FAST_MATH = YES;
				SDKROOT = iphoneos;
				SWIFT_COMPILATION_MODE = wholemodule;
				SWIFT_OPTIMIZATION_LEVEL = "-O";
				VALIDATE_PRODUCT = YES;
			};
			name = Release;
		};
		37AFD6E6247C3C31007DF98F /* Debug */ = {
			isa = XCBuildConfiguration;
			buildSettings = {
				ASSETCATALOG_COMPILER_APPICON_NAME = AppIcon;
				CODE_SIGN_STYLE = Automatic;
				DEVELOPMENT_ASSET_PATHS = "\"TabMenu/Preview Content\"";
				DEVELOPMENT_TEAM = A2S673GF8M;
				ENABLE_PREVIEWS = YES;
				INFOPLIST_FILE = TabMenu/Info.plist;
				LD_RUNPATH_SEARCH_PATHS = (
					"$(inherited)",
					"@executable_path/Frameworks",
				);
				PRODUCT_BUNDLE_IDENTIFIER = Kelana.TabMenu;
				PRODUCT_NAME = "$(TARGET_NAME)";
				SWIFT_VERSION = 5.0;
				TARGETED_DEVICE_FAMILY = "1,2";
			};
			name = Debug;
		};
		37AFD6E7247C3C31007DF98F /* Release */ = {
			isa = XCBuildConfiguration;
			buildSettings = {
				ASSETCATALOG_COMPILER_APPICON_NAME = AppIcon;
				CODE_SIGN_STYLE = Automatic;
				DEVELOPMENT_ASSET_PATHS = "\"TabMenu/Preview Content\"";
				DEVELOPMENT_TEAM = A2S673GF8M;
				ENABLE_PREVIEWS = YES;
				INFOPLIST_FILE = TabMenu/Info.plist;
				LD_RUNPATH_SEARCH_PATHS = (
					"$(inherited)",
					"@executable_path/Frameworks",
				);
				PRODUCT_BUNDLE_IDENTIFIER = Kelana.TabMenu;
				PRODUCT_NAME = "$(TARGET_NAME)";
				SWIFT_VERSION = 5.0;
				TARGETED_DEVICE_FAMILY = "1,2";
			};
			name = Release;
		};
/* End XCBuildConfiguration section */

/* Begin XCConfigurationList section */
		37AFD6CC247C3C29007DF98F /* Build configuration list for PBXProject "TabMenu" */ = {
			isa = XCConfigurationList;
			buildConfigurations = (
				37AFD6E3247C3C31007DF98F /* Debug */,
				37AFD6E4247C3C31007DF98F /* Release */,
			);
			defaultConfigurationIsVisible = 0;
			defaultConfigurationName = Release;
		};
		37AFD6E5247C3C31007DF98F /* Build configuration list for PBXNativeTarget "TabMenu" */ = {
			isa = XCConfigurationList;
			buildConfigurations = (
				37AFD6E6247C3C31007DF98F /* Debug */,
				37AFD6E7247C3C31007DF98F /* Release */,
			);
			defaultConfigurationIsVisible = 0;
			defaultConfigurationName = Release;
		};
/* End XCConfigurationList section */
	};
	rootObject = 37AFD6C9247C3C29007DF98F /* Project object */;
}
